github.com/FZambia/sentinel v1.1.1 h1:0ovTimlR7Ldm+wR15GgO+8C2dt7kkn+tm3PQS+Qk3Ek=
github.com/FZambia/sentinel v1.1.1/go.mod h1:ytL1Am/RLlAoAXG6Kj5LNuw/TRRQrv2rt2FT26vP5gI=
github.com/bitly/go-hostpool v0.0.0-20171023180738-a3a6125de932 h1:mXoPYz/Ul5HYEDvkta6I8/rnYM5gSdSV2tJ6XbZuEtY=
github.com/bitly/go-hostpool v0.0.0-20171023180738-a3a6125de932/go.mod h1:NOuUCSz6Q9T7+igc/hlvDOUdtWKryOrtFyIVABv/p7k=
github.com/bmizerany/assert v0.0.0-20160611221934-b7ed37b82869 h1:DDGfHa7BWjL4YnC6+E63dPcxHo2sUxDIu8g3QgEJdRY=
github.com/bmizerany/assert v0.0.0-20160611221934-b7ed37b82869/go.mod h1:Ekp36dRnpXw/yCqJaO+ZrUyxD+3VXMFFr56k5XYrpB4=
github.com/davecgh/go-spew v1.1.0/go.mod h1:J7Y8YcW2NihsgmVo/mv3lAwl/skON4iLHjSsI+c5H38=
github.com/davecgh/go-spew v1.1.1 h1:vj9j/u1bqnvCEfJOwUhtlOARqs3+rkHYY13jYWTU97c=
github.com/davecgh/go-spew v1.1.1/go.mod h1:J7Y8YcW2NihsgmVo/mv3lAwl/skON4iLHjSsI+c5H38=
github.com/gocql/gocql v1.6.0 h1:IdFdOTbnpbd0pDhl4REKQDM+Q0SzKXQ1Yh+YZZ8T/qU=
github.com/gocql/gocql v1.6.0/go.mod h1:3gM2c4D3AnkISwBxGnMMsS8Oy4y2lhbPRsH4xnJrHG8=
github.com/golang/snappy v0.0.3 h1:fHPg5GQYlCeLIPB9BZqMVR5nR9A+IM5zcgeTdjMYmLA=
github.com/golang/snappy v0.0.3/go.mod h1:/XxbfmMg8lxefKM7IXC3fBNl/7bRcc72aCRzEWrmP2Q=
github.com/golang/snappy v0.0.4 h1:yAGX7huGHXlcLOEtBnF4w7FQwA26wojNCwOYAEhLjQM=
github.com/golang/snappy v0.0.4/go.mod h1:/XxbfmMg8lxefKM7IXC3fBNl/7bRcc72aCRzEWrmP2Q=
github.com/gomodule/redigo v1.9.2 h1:HrutZBLhSIU8abiSfW8pj8mPhOyMYjZT/wcA4/L9L9s=
github.com/gomodule/redigo v1.9.2/go.mod h1:KsU3hiK/Ay8U42qpaJk+kuNa3C+spxapWpM+ywhcgtw=
github.com/hailocab/go-hostpool v0.0.0-20160125115350-e80d13ce29ed h1:5upAirOpQc1Q53c0bnx2ufif5kANL7bfZWcc6VJWJd8=
github.com/hailocab/go-hostpool v0.0.0-20160125115350-e80d13ce29ed/go.mod h1:tMWxXQ9wFIaZeTI9F+hmhFiGpFmhOHzyShyFUhRm0H4=
github.com/klauspost/compress v1.17.0 h1:Rnbp4K9EjcDuVuHtd0dgA4qNuv9yKDYKK1ulpJwgrqM=
github.com/klauspost/compress v1.17.0/go.mod h1:ntbaceVETuRiXiv4DpjP66DpAtAGkEQskQzEyD//IeE=
github.com/klauspost/compress v1.17.7 h1:ehO88t2UGzQK66LMdE8tibEd1ErmzZjNEqWkjLAKQQg=
github.com/klauspost/compress v1.17.7/go.mod h1:Di0epgTjJY877eYKx5yC51cX2A2Vl2ibi7bDH9ttBbw=
github.com/kr/pretty v0.1.0 h1:L/CwN0zerZDmRFUapSPitk6f+Q3+0za1rQkzVuMiMFI=
github.com/kr/pretty v0.1.0/go.mod h1:dAy3ld7l9f0ibDNOQOHHMYYIIbhfbHSm3C4ZsoJORNo=
github.com/kr/pty v1.1.1/go.mod h1:pFQYn66WHrOpPYNljwOMqo10TkYh1fy3cYio2l3bCsQ=
github.com/kr/text v0.1.0 h1:45sCR5RtlFHMR4UwH9sdQ5TC8v0qDQCHnXt+kaKSTVE=
github.com/kr/text v0.1.0/go.mod h1:4Jbv+DJW3UT/LiOwJeYQe1efqtUx/iVham/4vfdArNI=
github.com/nats-io/nats.go v1.31.0 h1:/WFBHEc/dOKBF6qf1TZhrdEfTmOZ5JzdJ+Y3m6Y/p7E=
github.com/nats-io/nats.go v1.31.0/go.mod h1:di3Bm5MLsoB4Bx61CBTsxuarI36WbhAwOm8QrW39+i8=
github.com/nats-io/nats.go v1.33.1 h1:8TxLZZ/seeEfR97qV0/Bl939tpDnt2Z2fK3HkPypj70=
github.com/nats-io/nats.go v1.33.1/go.mod h1:Ubdu4Nh9exXdSz0RVWRFBbRfrbSxOYd26oF0wkWclB8=
github.com/nats-io/nkeys v0.4.6 h1:IzVe95ru2CT6ta874rt9saQRkWfe2nFj1NtvYSLqMzY=
github.com/nats-io/nkeys v0.4.6/go.mod h1:4DxZNzenSVd1cYQoAa8948QY3QDjrHfcfVADymtkpts=
github.com/nats-io/nkeys v0.4.7 h1:RwNJbbIdYCoClSDNY7QVKZlyb/wfT6ugvFCiKy6vDvI=
github.com/nats-io/nkeys v0.4.7/go.mod h1:kqXRgRDPlGy7nGaEDMuYzmiJCIAAWDK0IMBtDmGD0nc=
github.com/nats-io/nuid v1.0.1 h1:5iA8DT8V7q8WK2EScv2padNa/rTESc1KdnPw4TC2paw=
github.com/nats-io/nuid v1.0.1/go.mod h1:19wcPz3Ph3q0Jbyiqsd0kePYG7A95tJPxeL+1OSON2c=
github.com/pmezard/go-difflib v1.0.0 h1:4DBwDE0NGyQoBHbLQYPwSUPoCMWR5BEzIk/f1lZbAQM=
github.com/pmezard/go-difflib v1.0.0/go.mod h1:iKH77koFhYxTK1pcRnkKkqfTogsbg7gZNVY4sRDYZ/4=
github.com/stretchr/objx v0.1.0/go.mod h1:HFkY916IF+rwdDfMAkV7OtwuqBVzrE8GR6GFx+wExME=
github.com/stretchr/testify v1.3.0/go.mod h1:M5WIy9Dh21IEIfnGCwXGc5bZfKNJtfHm1UVUgZn+9EI=
github.com/stretchr/testify v1.8.4 h1:CcVxjf3Q8PM0mHUKJCdn+eZZtm5yQwehR5yeSVQQcUk=
github.com/stretchr/testify v1.8.4/go.mod h1:sz/lmYIOXD/1dqDmKjjqLyZ2RngseejIcXlSw2iwfAo=
go.etcd.io/bbolt v1.3.9 h1:8x7aARPEXiXbHmtUwAIv7eV2fQFHrLLavdiJ3uzJXoI=
go.etcd.io/bbolt v1.3.9/go.mod h1:zaO32+Ti0PK1ivdPtgMESzuzL2VPoIG1PCQNvOdo/dE=
golang.org/x/crypto v0.17.0 h1:r8bRNjWL3GshPW3gkd+RpvzWrZAwPS49OmTGZ/uhM4k=
golang.org/x/crypto v0.17.0/go.mod h1:gCAAfMLgwOJRpTjQ2zCCt2OcSfYMTeZVSRtQlPC7Nq4=
golang.org/x/crypto v0.20.0 h1:jmAMJJZXr5KiCw05dfYK9QnqaqKLYXijU23lsEdcQqg=
golang.org/x/crypto v0.20.0/go.mod h1:Xwo95rrVNIoSMx9wa1JroENMToLWn3RNVrTBpLHgZPQ=
golang.org/x/sync v0.5.0 h1:60k92dhOjHxJkrqnwsfl8KuaHbn/5dl0lUPUklKo3qE=
golang.org/x/sync v0.5.0/go.mod h1:Czt+wKu1gCyEFDUtn0jG5QVvpJ6rzVqr5aXyt9drQfk=
golang.org/x/sys v0.15.0 h1:h48lPFYpsTvQJZF4EKyI4aLHaev3CxivZmv7yZig9pc=
golang.org/x/sys v0.15.0/go.mod h1:/VUhepiaJMQUp4+oa/7Zr1D23ma6VTLIYjOOTFZPUcA=
golang.org/x/sys v0.17.0 h1:25cE3gD+tdBA7lp7QfhuV+rJiE9YXTcS3VG1SqssI/Y=
golang.org/x/sys v0.17.0/go.mod h1:/VUhepiaJMQUp4+oa/7Zr1D23ma6VTLIYjOOTFZPUcA=
gopkg.in/check.v1 v0.0.0-20161208181325-20d25e280405/go.mod h1:Co6ibVJAznAaIkqp8huTwlJQCZ016jof/cbN4VW5Yz0=
gopkg.in/check.v1 v1.0.0-20180628173108-788fd7840127 h1:qIbj1fsPNlZgppZ+VLlY7N33q108Sa+fhmuc+sWQYwY=
gopkg.in/check.v1 v1.0.0-20180628173108-788fd7840127/go.mod h1:Co6ibVJAznAaIkqp8huTwlJQCZ016jof/cbN4VW5Yz0=
gopkg.in/inf.v0 v0.9.1 h1:73M5CoZyi3ZLMOyDlQh031Cx6N9NDJ2Vvfl76EDAgDc=
gopkg.in/inf.v0 v0.9.1/go.mod h1:cWUDdTG/fYaXco+Dcufb5Vnc6Gp2YChqWtbxRZE0mXw=
gopkg.in/yaml.v3 v3.0.1 h1:fxVm/GzAzEWqLHuvctI91KS9hhNmmWOoWu0XTYJS7CA=
gopkg.in/yaml.v3 v3.0.1/go.mod h1:K4uyk7z7BCEPqu6E+C64Yfv1cQ7kz7rIZviUmN+EgEM=
